
Microsoft Visual Studio Solution File, Format Version 12.00
# Visual Studio Version 16
VisualStudioVersion = 16.0.29519.87
MinimumVisualStudioVersion = 10.0.40219.1
Project("{FAE04EC0-301F-11D3-BF4B-00C04F79EFBC}") = "AdventOfCode2019.Day01", "AdventOfCode2019.Day01\AdventOfCode2019.Day01.csproj", "{F62DFA18-38CF-4637-9E74-697A378FB823}"
EndProject
Project("{FAE04EC0-301F-11D3-BF4B-00C04F79EFBC}") = "AdventOfCode2019.Day02", "AdventOfCode2019.Day02\AdventOfCode2019.Day02.csproj", "{DE4167D4-4773-4A7D-B48F-45C17245B0D4}"
EndProject
Project("{FAE04EC0-301F-11D3-BF4B-00C04F79EFBC}") = "AdventOfCode2019.Day03", "AdventOfCode2019.Day03\AdventOfCode2019.Day03.csproj", "{A3285582-B5A8-4F07-910C-57D0E6C7B56B}"
EndProject
Project("{FAE04EC0-301F-11D3-BF4B-00C04F79EFBC}") = "AdventOfCode2019.Day04", "AdventOfCode2019.Day04\AdventOfCode2019.Day04.csproj", "{20E5A143-BA88-45D2-BD4F-CFA4A3D89D66}"
EndProject
Project("{FAE04EC0-301F-11D3-BF4B-00C04F79EFBC}") = "AdventOfCode2019.Day05", "AdventOfCode2019.Day05\AdventOfCode2019.Day05.csproj", "{32F61028-EFA6-464F-87D9-E383A28B6D26}"
EndProject
Project("{FAE04EC0-301F-11D3-BF4B-00C04F79EFBC}") = "AdventOfCode2019.Day06", "AdventOfCode2019.Day06\AdventOfCode2019.Day06.csproj", "{A5253E77-1129-4CD8-B7F0-C14663F5DED4}"
EndProject
Project("{FAE04EC0-301F-11D3-BF4B-00C04F79EFBC}") = "AdventOfCode2019.Day07", "AdventOfCode2019.Day07\AdventOfCode2019.Day07.csproj", "{37190632-8284-4362-BCB2-8D007F73CC8F}"
EndProject
Project("{FAE04EC0-301F-11D3-BF4B-00C04F79EFBC}") = "AdventOfCode2019.Day08", "AdventOfCode2019.Day08\AdventOfCode2019.Day08.csproj", "{B542D7B1-4B13-4496-BBA7-BF6648791159}"
EndProject
Project("{FAE04EC0-301F-11D3-BF4B-00C04F79EFBC}") = "AdventOfCode2019.Day09", "AdventOfCode2019.Day09\AdventOfCode2019.Day09.csproj", "{DBEBD5B3-D5E4-44FC-AA46-C48AE1E22542}"
EndProject
Project("{FAE04EC0-301F-11D3-BF4B-00C04F79EFBC}") = "AdventOfCode2019.Day10", "AdventOfCode2019.Day10\AdventOfCode2019.Day10.csproj", "{CD9DE8E4-3CC8-431A-BA3C-5E9380ADC8AF}"
EndProject
Project("{FAE04EC0-301F-11D3-BF4B-00C04F79EFBC}") = "AdventOfCode2019.Day11", "AdventOfCode2019.Day11\AdventOfCode2019.Day11.csproj", "{F2904D0B-82C3-41E2-ABF6-2AECFC0E036F}"
EndProject
Project("{FAE04EC0-301F-11D3-BF4B-00C04F79EFBC}") = "AdventOfCode2019.Day12", "AdventOfCode2019.Day12\AdventOfCode2019.Day12.csproj", "{8C42AF87-BB37-4F95-AC00-5914F3F844EC}"
EndProject
Project("{FAE04EC0-301F-11D3-BF4B-00C04F79EFBC}") = "AdventOfCode2019.Day13", "AdventOfCode2019.Day13\AdventOfCode2019.Day13.csproj", "{D49AB415-4F3A-470B-A8A7-2982E9F10936}"
EndProject
Global
	GlobalSection(SolutionConfigurationPlatforms) = preSolution
		Debug|Any CPU = Debug|Any CPU
		Release|Any CPU = Release|Any CPU
	EndGlobalSection
	GlobalSection(ProjectConfigurationPlatforms) = postSolution
		{F62DFA18-38CF-4637-9E74-697A378FB823}.Debug|Any CPU.ActiveCfg = Debug|Any CPU
		{F62DFA18-38CF-4637-9E74-697A378FB823}.Debug|Any CPU.Build.0 = Debug|Any CPU
		{F62DFA18-38CF-4637-9E74-697A378FB823}.Release|Any CPU.ActiveCfg = Release|Any CPU
		{F62DFA18-38CF-4637-9E74-697A378FB823}.Release|Any CPU.Build.0 = Release|Any CPU
		{DE4167D4-4773-4A7D-B48F-45C17245B0D4}.Debug|Any CPU.ActiveCfg = Debug|Any CPU
		{DE4167D4-4773-4A7D-B48F-45C17245B0D4}.Debug|Any CPU.Build.0 = Debug|Any CPU
		{DE4167D4-4773-4A7D-B48F-45C17245B0D4}.Release|Any CPU.ActiveCfg = Release|Any CPU
		{DE4167D4-4773-4A7D-B48F-45C17245B0D4}.Release|Any CPU.Build.0 = Release|Any CPU
		{A3285582-B5A8-4F07-910C-57D0E6C7B56B}.Debug|Any CPU.ActiveCfg = Debug|Any CPU
		{A3285582-B5A8-4F07-910C-57D0E6C7B56B}.Debug|Any CPU.Build.0 = Debug|Any CPU
		{A3285582-B5A8-4F07-910C-57D0E6C7B56B}.Release|Any CPU.ActiveCfg = Release|Any CPU
		{A3285582-B5A8-4F07-910C-57D0E6C7B56B}.Release|Any CPU.Build.0 = Release|Any CPU
		{20E5A143-BA88-45D2-BD4F-CFA4A3D89D66}.Debug|Any CPU.ActiveCfg = Debug|Any CPU
		{20E5A143-BA88-45D2-BD4F-CFA4A3D89D66}.Debug|Any CPU.Build.0 = Debug|Any CPU
		{20E5A143-BA88-45D2-BD4F-CFA4A3D89D66}.Release|Any CPU.ActiveCfg = Release|Any CPU
		{20E5A143-BA88-45D2-BD4F-CFA4A3D89D66}.Release|Any CPU.Build.0 = Release|Any CPU
		{32F61028-EFA6-464F-87D9-E383A28B6D26}.Debug|Any CPU.ActiveCfg = Debug|Any CPU
		{32F61028-EFA6-464F-87D9-E383A28B6D26}.Debug|Any CPU.Build.0 = Debug|Any CPU
		{32F61028-EFA6-464F-87D9-E383A28B6D26}.Release|Any CPU.ActiveCfg = Release|Any CPU
		{32F61028-EFA6-464F-87D9-E383A28B6D26}.Release|Any CPU.Build.0 = Release|Any CPU
		{A5253E77-1129-4CD8-B7F0-C14663F5DED4}.Debug|Any CPU.ActiveCfg = Debug|Any CPU
		{A5253E77-1129-4CD8-B7F0-C14663F5DED4}.Debug|Any CPU.Build.0 = Debug|Any CPU
		{A5253E77-1129-4CD8-B7F0-C14663F5DED4}.Release|Any CPU.ActiveCfg = Release|Any CPU
		{A5253E77-1129-4CD8-B7F0-C14663F5DED4}.Release|Any CPU.Build.0 = Release|Any CPU
		{37190632-8284-4362-BCB2-8D007F73CC8F}.Debug|Any CPU.ActiveCfg = Debug|Any CPU
		{37190632-8284-4362-BCB2-8D007F73CC8F}.Debug|Any CPU.Build.0 = Debug|Any CPU
		{37190632-8284-4362-BCB2-8D007F73CC8F}.Release|Any CPU.ActiveCfg = Release|Any CPU
		{37190632-8284-4362-BCB2-8D007F73CC8F}.Release|Any CPU.Build.0 = Release|Any CPU
		{B542D7B1-4B13-4496-BBA7-BF6648791159}.Debug|Any CPU.ActiveCfg = Debug|Any CPU
		{B542D7B1-4B13-4496-BBA7-BF6648791159}.Debug|Any CPU.Build.0 = Debug|Any CPU
		{B542D7B1-4B13-4496-BBA7-BF6648791159}.Release|Any CPU.ActiveCfg = Release|Any CPU
		{B542D7B1-4B13-4496-BBA7-BF6648791159}.Release|Any CPU.Build.0 = Release|Any CPU
		{DBEBD5B3-D5E4-44FC-AA46-C48AE1E22542}.Debug|Any CPU.ActiveCfg = Debug|Any CPU
		{DBEBD5B3-D5E4-44FC-AA46-C48AE1E22542}.Debug|Any CPU.Build.0 = Debug|Any CPU
		{DBEBD5B3-D5E4-44FC-AA46-C48AE1E22542}.Release|Any CPU.ActiveCfg = Release|Any CPU
		{DBEBD5B3-D5E4-44FC-AA46-C48AE1E22542}.Release|Any CPU.Build.0 = Release|Any CPU
		{CD9DE8E4-3CC8-431A-BA3C-5E9380ADC8AF}.Debug|Any CPU.ActiveCfg = Debug|Any CPU
		{CD9DE8E4-3CC8-431A-BA3C-5E9380ADC8AF}.Debug|Any CPU.Build.0 = Debug|Any CPU
		{CD9DE8E4-3CC8-431A-BA3C-5E9380ADC8AF}.Release|Any CPU.ActiveCfg = Release|Any CPU
		{CD9DE8E4-3CC8-431A-BA3C-5E9380ADC8AF}.Release|Any CPU.Build.0 = Release|Any CPU
		{F2904D0B-82C3-41E2-ABF6-2AECFC0E036F}.Debug|Any CPU.ActiveCfg = Debug|Any CPU
		{F2904D0B-82C3-41E2-ABF6-2AECFC0E036F}.Debug|Any CPU.Build.0 = Debug|Any CPU
		{F2904D0B-82C3-41E2-ABF6-2AECFC0E036F}.Release|Any CPU.ActiveCfg = Release|Any CPU
		{F2904D0B-82C3-41E2-ABF6-2AECFC0E036F}.Release|Any CPU.Build.0 = Release|Any CPU
		{8C42AF87-BB37-4F95-AC00-5914F3F844EC}.Debug|Any CPU.ActiveCfg = Debug|Any CPU
		{8C42AF87-BB37-4F95-AC00-5914F3F844EC}.Debug|Any CPU.Build.0 = Debug|Any CPU
		{8C42AF87-BB37-4F95-AC00-5914F3F844EC}.Release|Any CPU.ActiveCfg = Release|Any CPU
		{8C42AF87-BB37-4F95-AC00-5914F3F844EC}.Release|Any CPU.Build.0 = Release|Any CPU
		{D49AB415-4F3A-470B-A8A7-2982E9F10936}.Debug|Any CPU.ActiveCfg = Debug|Any CPU
		{D49AB415-4F3A-470B-A8A7-2982E9F10936}.Debug|Any CPU.Build.0 = Debug|Any CPU
		{D49AB415-4F3A-470B-A8A7-2982E9F10936}.Release|Any CPU.ActiveCfg = Release|Any CPU
		{D49AB415-4F3A-470B-A8A7-2982E9F10936}.Release|Any CPU.Build.0 = Release|Any CPU
	EndGlobalSection
	GlobalSection(SolutionProperties) = preSolution
		HideSolutionNode = FALSE
	EndGlobalSection
	GlobalSection(ExtensibilityGlobals) = postSolution
		SolutionGuid = {D93F0BF3-7B78-4E6D-B019-FE3449C68D7D}
	EndGlobalSection
EndGlobal
